
Microsoft Visual Studio Solution File, Format Version 12.00
# Visual Studio Version 16
VisualStudioVersion = 16.0.32106.194
MinimumVisualStudioVersion = 10.0.40219.1
Project("{FAE04EC0-301F-11D3-BF4B-00C04F79EFBC}") = "Text.Editor", "Text.Editor\Text.Editor.csproj", "{8958A257-80A9-43B4-9CE1-1D332ADE2705}"
EndProject
Global
	GlobalSection(SolutionConfigurationPlatforms) = preSolution
		Debug|Any CPU = Debug|Any CPU
		Release|Any CPU = Release|Any CPU
	EndGlobalSection
	GlobalSection(ProjectConfigurationPlatforms) = postSolution
		{8958A257-80A9-43B4-9CE1-1D332ADE2705}.Debug|Any CPU.ActiveCfg = Debug|Any CPU
		{8958A257-80A9-43B4-9CE1-1D332ADE2705}.Debug|Any CPU.Build.0 = Debug|Any CPU
		{8958A257-80A9-43B4-9CE1-1D332ADE2705}.Release|Any CPU.ActiveCfg = Release|Any CPU
		{8958A257-80A9-43B4-9CE1-1D332ADE2705}.Release|Any CPU.Build.0 = Release|Any CPU
	EndGlobalSection
	GlobalSection(SolutionProperties) = preSolution
		HideSolutionNode = FALSE
	EndGlobalSection
	GlobalSection(ExtensibilityGlobals) = postSolution
		SolutionGuid = {27143707-A61C-48D7-8ABB-2DEBDC8DA341}
	EndGlobalSection
EndGlobal
